// !$*UTF8*$!
{
	archiveVersion = 1;
	classes = {
	};
	objectVersion = 56;
	objects = {

/* Begin PBXBuildFile section */
		2BA61DA129EE8BAA006FC47C /* RotationAnimation.swift in Sources */ = {isa = PBXBuildFile; fileRef = 2BA61DA029EE8BAA006FC47C /* RotationAnimation.swift */; };
		2BBD4EC429EDB90500419E9E /* AADairyOMApp.swift in Sources */ = {isa = PBXBuildFile; fileRef = 2BBD4EC329EDB90500419E9E /* AADairyOMApp.swift */; };
		2BBD4EC629EDB90500419E9E /* ContentView.swift in Sources */ = {isa = PBXBuildFile; fileRef = 2BBD4EC529EDB90500419E9E /* ContentView.swift */; };
		2BBD4EC829EDB90600419E9E /* Assets.xcassets in Resources */ = {isa = PBXBuildFile; fileRef = 2BBD4EC729EDB90600419E9E /* Assets.xcassets */; };
		2BBD4ECB29EDB90600419E9E /* Preview Assets.xcassets in Resources */ = {isa = PBXBuildFile; fileRef = 2BBD4ECA29EDB90600419E9E /* Preview Assets.xcassets */; };
		2BBD4ED229EDBCCE00419E9E /* OpeningScreen.swift in Sources */ = {isa = PBXBuildFile; fileRef = 2BBD4ED129EDBCCE00419E9E /* OpeningScreen.swift */; };
		2BBD4ED429EDBD6F00419E9E /* BackgroundDegrade.swift in Sources */ = {isa = PBXBuildFile; fileRef = 2BBD4ED329EDBD6F00419E9E /* BackgroundDegrade.swift */; };
		2BBD4ED729EDC6A900419E9E /* MainPage.swift in Sources */ = {isa = PBXBuildFile; fileRef = 2BBD4ED629EDC6A900419E9E /* MainPage.swift */; };
		2BBD4ED929EDCE8100419E9E /* BackGroundColor.swift in Sources */ = {isa = PBXBuildFile; fileRef = 2BBD4ED829EDCE8100419E9E /* BackGroundColor.swift */; };
		2BBD4EDB29EDD07500419E9E /* RecordScreen.swift in Sources */ = {isa = PBXBuildFile; fileRef = 2BBD4EDA29EDD07500419E9E /* RecordScreen.swift */; };
		2BBD4EDE29EDD1CD00419E9E /* MainPageModel.swift in Sources */ = {isa = PBXBuildFile; fileRef = 2BBD4EDD29EDD1CD00419E9E /* MainPageModel.swift */; };
/* End PBXBuildFile section */

/* Begin PBXFileReference section */
		2BA61DA029EE8BAA006FC47C /* RotationAnimation.swift */ = {isa = PBXFileReference; lastKnownFileType = sourcecode.swift; path = RotationAnimation.swift; sourceTree = "<group>"; };
		2BBD4EC029EDB90500419E9E /* AADairyOM.app */ = {isa = PBXFileReference; explicitFileType = wrapper.application; includeInIndex = 0; path = AADairyOM.app; sourceTree = BUILT_PRODUCTS_DIR; };
		2BBD4EC329EDB90500419E9E /* AADairyOMApp.swift */ = {isa = PBXFileReference; lastKnownFileType = sourcecode.swift; path = AADairyOMApp.swift; sourceTree = "<group>"; };
		2BBD4EC529EDB90500419E9E /* ContentView.swift */ = {isa = PBXFileReference; lastKnownFileType = sourcecode.swift; path = ContentView.swift; sourceTree = "<group>"; };
		2BBD4EC729EDB90600419E9E /* Assets.xcassets */ = {isa = PBXFileReference; lastKnownFileType = folder.assetcatalog; path = Assets.xcassets; sourceTree = "<group>"; };
		2BBD4ECA29EDB90600419E9E /* Preview Assets.xcassets */ = {isa = PBXFileReference; lastKnownFileType = folder.assetcatalog; path = "Preview Assets.xcassets"; sourceTree = "<group>"; };
		2BBD4ED129EDBCCE00419E9E /* OpeningScreen.swift */ = {isa = PBXFileReference; lastKnownFileType = sourcecode.swift; path = OpeningScreen.swift; sourceTree = "<group>"; };
		2BBD4ED329EDBD6F00419E9E /* BackgroundDegrade.swift */ = {isa = PBXFileReference; lastKnownFileType = sourcecode.swift; path = BackgroundDegrade.swift; sourceTree = "<group>"; };
		2BBD4ED629EDC6A900419E9E /* MainPage.swift */ = {isa = PBXFileReference; lastKnownFileType = sourcecode.swift; path = MainPage.swift; sourceTree = "<group>"; };
		2BBD4ED829EDCE8100419E9E /* BackGroundColor.swift */ = {isa = PBXFileReference; lastKnownFileType = sourcecode.swift; path = BackGroundColor.swift; sourceTree = "<group>"; };
		2BBD4EDA29EDD07500419E9E /* RecordScreen.swift */ = {isa = PBXFileReference; lastKnownFileType = sourcecode.swift; path = RecordScreen.swift; sourceTree = "<group>"; };
		2BBD4EDD29EDD1CD00419E9E /* MainPageModel.swift */ = {isa = PBXFileReference; lastKnownFileType = sourcecode.swift; path = MainPageModel.swift; sourceTree = "<group>"; };
/* End PBXFileReference section */

/* Begin PBXFrameworksBuildPhase section */
		2BBD4EBD29EDB90500419E9E /* Frameworks */ = {
			isa = PBXFrameworksBuildPhase;
			buildActionMask = 2147483647;
			files = (
			);
			runOnlyForDeploymentPostprocessing = 0;
		};
/* End PBXFrameworksBuildPhase section */

/* Begin PBXGroup section */
		2BBD4EB729EDB90500419E9E = {
			isa = PBXGroup;
			children = (
				2BBD4EC229EDB90500419E9E /* AADairyOM */,
				2BBD4EC129EDB90500419E9E /* Products */,
			);
			sourceTree = "<group>";
		};
		2BBD4EC129EDB90500419E9E /* Products */ = {
			isa = PBXGroup;
			children = (
				2BBD4EC029EDB90500419E9E /* AADairyOM.app */,
			);
			name = Products;
			sourceTree = "<group>";
		};
		2BBD4EC229EDB90500419E9E /* AADairyOM */ = {
			isa = PBXGroup;
			children = (
				2BBD4EDC29EDD1A000419E9E /* Models */,
				2BBD4ED529EDC21500419E9E /* Core */,
				2BBD4EC329EDB90500419E9E /* AADairyOMApp.swift */,
				2BBD4EC529EDB90500419E9E /* ContentView.swift */,
				2BBD4EC729EDB90600419E9E /* Assets.xcassets */,
				2BBD4EC929EDB90600419E9E /* Preview Content */,
			);
			path = AADairyOM;
			sourceTree = "<group>";
		};
		2BBD4EC929EDB90600419E9E /* Preview Content */ = {
			isa = PBXGroup;
			children = (
				2BBD4ECA29EDB90600419E9E /* Preview Assets.xcassets */,
			);
			path = "Preview Content";
			sourceTree = "<group>";
		};
		2BBD4ED529EDC21500419E9E /* Core */ = {
			isa = PBXGroup;
			children = (
				2BBD4ED129EDBCCE00419E9E /* OpeningScreen.swift */,
				2BBD4ED329EDBD6F00419E9E /* BackgroundDegrade.swift */,
				2BBD4ED829EDCE8100419E9E /* BackGroundColor.swift */,
				2BBD4ED629EDC6A900419E9E /* MainPage.swift */,
				2BBD4EDA29EDD07500419E9E /* RecordScreen.swift */,
				2BA61DA029EE8BAA006FC47C /* RotationAnimation.swift */,
			);
			path = Core;
			sourceTree = "<group>";
		};
		2BBD4EDC29EDD1A000419E9E /* Models */ = {
			isa = PBXGroup;
			children = (
				2BBD4EDD29EDD1CD00419E9E /* MainPageModel.swift */,
			);
			path = Models;
			sourceTree = "<group>";
		};
/* End PBXGroup section */

/* Begin PBXNativeTarget section */
		2BBD4EBF29EDB90500419E9E /* AADairyOM */ = {
			isa = PBXNativeTarget;
			buildConfigurationList = 2BBD4ECE29EDB90600419E9E /* Build configuration list for PBXNativeTarget "AADairyOM" */;
			buildPhases = (
				2BBD4EBC29EDB90500419E9E /* Sources */,
				2BBD4EBD29EDB90500419E9E /* Frameworks */,
				2BBD4EBE29EDB90500419E9E /* Resources */,
			);
			buildRules = (
			);
			dependencies = (
			);
			name = AADairyOM;
			productName = AADairyOM;
			productReference = 2BBD4EC029EDB90500419E9E /* AADairyOM.app */;
			productType = "com.apple.product-type.application";
		};
/* End PBXNativeTarget section */

/* Begin PBXProject section */
		2BBD4EB829EDB90500419E9E /* Project object */ = {
			isa = PBXProject;
			attributes = {
				BuildIndependentTargetsInParallel = 1;
				LastSwiftUpdateCheck = 1420;
				LastUpgradeCheck = 1420;
				TargetAttributes = {
					2BBD4EBF29EDB90500419E9E = {
						CreatedOnToolsVersion = 14.2;
					};
				};
			};
			buildConfigurationList = 2BBD4EBB29EDB90500419E9E /* Build configuration list for PBXProject "AADairyOM" */;
			compatibilityVersion = "Xcode 14.0";
			developmentRegion = en;
			hasScannedForEncodings = 0;
			knownRegions = (
				en,
				Base,
			);
			mainGroup = 2BBD4EB729EDB90500419E9E;
			productRefGroup = 2BBD4EC129EDB90500419E9E /* Products */;
			projectDirPath = "";
			projectRoot = "";
			targets = (
				2BBD4EBF29EDB90500419E9E /* AADairyOM */,
			);
		};
/* End PBXProject section */

/* Begin PBXResourcesBuildPhase section */
		2BBD4EBE29EDB90500419E9E /* Resources */ = {
			isa = PBXResourcesBuildPhase;
			buildActionMask = 2147483647;
			files = (
				2BBD4ECB29EDB90600419E9E /* Preview Assets.xcassets in Resources */,
				2BBD4EC829EDB90600419E9E /* Assets.xcassets in Resources */,
			);
			runOnlyForDeploymentPostprocessing = 0;
		};
/* End PBXResourcesBuildPhase section */

/* Begin PBXSourcesBuildPhase section */
		2BBD4EBC29EDB90500419E9E /* Sources */ = {
			isa = PBXSourcesBuildPhase;
			buildActionMask = 2147483647;
			files = (
				2BBD4ED729EDC6A900419E9E /* MainPage.swift in Sources */,
				2BBD4EDE29EDD1CD00419E9E /* MainPageModel.swift in Sources */,
				2BBD4EC629EDB90500419E9E /* ContentView.swift in Sources */,
				2BBD4ED229EDBCCE00419E9E /* OpeningScreen.swift in Sources */,
				2BBD4ED929EDCE8100419E9E /* BackGroundColor.swift in Sources */,
				2BBD4ED429EDBD6F00419E9E /* BackgroundDegrade.swift in Sources */,
				2BA61DA129EE8BAA006FC47C /* RotationAnimation.swift in Sources */,
				2BBD4EC429EDB90500419E9E /* AADairyOMApp.swift in Sources */,
				2BBD4EDB29EDD07500419E9E /* RecordScreen.swift in Sources */,
			);
			runOnlyForDeploymentPostprocessing = 0;
		};
/* End PBXSourcesBuildPhase section */

/* Begin XCBuildConfiguration section */
		2BBD4ECC29EDB90600419E9E /* Debug */ = {
			isa = XCBuildConfiguration;
			buildSettings = {
				ALWAYS_SEARCH_USER_PATHS = NO;
				CLANG_ANALYZER_NONNULL = YES;
				CLANG_ANALYZER_NUMBER_OBJECT_CONVERSION = YES_AGGRESSIVE;
				CLANG_CXX_LANGUAGE_STANDARD = "gnu++20";
				CLANG_ENABLE_MODULES = YES;
				CLANG_ENABLE_OBJC_ARC = YES;
				CLANG_ENABLE_OBJC_WEAK = YES;
				CLANG_WARN_BLOCK_CAPTURE_AUTORELEASING = YES;
				CLANG_WARN_BOOL_CONVERSION = YES;
				CLANG_WARN_COMMA = YES;
				CLANG_WARN_CONSTANT_CONVERSION = YES;
				CLANG_WARN_DEPRECATED_OBJC_IMPLEMENTATIONS = YES;
				CLANG_WARN_DIRECT_OBJC_ISA_USAGE = YES_ERROR;
				CLANG_WARN_DOCUMENTATION_COMMENTS = YES;
				CLANG_WARN_EMPTY_BODY = YES;
				CLANG_WARN_ENUM_CONVERSION = YES;
				CLANG_WARN_INFINITE_RECURSION = YES;
				CLANG_WARN_INT_CONVERSION = YES;
				CLANG_WARN_NON_LITERAL_NULL_CONVERSION = YES;
				CLANG_WARN_OBJC_IMPLICIT_RETAIN_SELF = YES;
				CLANG_WARN_OBJC_LITERAL_CONVERSION = YES;
				CLANG_WARN_OBJC_ROOT_CLASS = YES_ERROR;
				CLANG_WARN_QUOTED_INCLUDE_IN_FRAMEWORK_HEADER = YES;
				CLANG_WARN_RANGE_LOOP_ANALYSIS = YES;
				CLANG_WARN_STRICT_PROTOTYPES = YES;
				CLANG_WARN_SUSPICIOUS_MOVE = YES;
				CLANG_WARN_UNGUARDED_AVAILABILITY = YES_AGGRESSIVE;
				CLANG_WARN_UNREACHABLE_CODE = YES;
				CLANG_WARN__DUPLICATE_METHOD_MATCH = YES;
				COPY_PHASE_STRIP = NO;
				DEBUG_INFORMATION_FORMAT = dwarf;
				ENABLE_STRICT_OBJC_MSGSEND = YES;
				ENABLE_TESTABILITY = YES;
				GCC_C_LANGUAGE_STANDARD = gnu11;
				GCC_DYNAMIC_NO_PIC = NO;
				GCC_NO_COMMON_BLOCKS = YES;
				GCC_OPTIMIZATION_LEVEL = 0;
				GCC_PREPROCESSOR_DEFINITIONS = (
					"DEBUG=1",
					"$(inherited)",
				);
				GCC_WARN_64_TO_32_BIT_CONVERSION = YES;
				GCC_WARN_ABOUT_RETURN_TYPE = YES_ERROR;
				GCC_WARN_UNDECLARED_SELECTOR = YES;
				GCC_WARN_UNINITIALIZED_AUTOS = YES_AGGRESSIVE;
				GCC_WARN_UNUSED_FUNCTION = YES;
				GCC_WARN_UNUSED_VARIABLE = YES;
				IPHONEOS_DEPLOYMENT_TARGET = 16.2;
				MTL_ENABLE_DEBUG_INFO = INCLUDE_SOURCE;
				MTL_FAST_MATH = YES;
				ONLY_ACTIVE_ARCH = YES;
				SDKROOT = iphoneos;
				SWIFT_ACTIVE_COMPILATION_CONDITIONS = DEBUG;
				SWIFT_OPTIMIZATION_LEVEL = "-Onone";
			};
			name = Debug;
		};
		2BBD4ECD29EDB90600419E9E /* Release */ = {
			isa = XCBuildConfiguration;
			buildSettings = {
				ALWAYS_SEARCH_USER_PATHS = NO;
				CLANG_ANALYZER_NONNULL = YES;
				CLANG_ANALYZER_NUMBER_OBJECT_CONVERSION = YES_AGGRESSIVE;
				CLANG_CXX_LANGUAGE_STANDARD = "gnu++20";
				CLANG_ENABLE_MODULES = YES;
				CLANG_ENABLE_OBJC_ARC = YES;
				CLANG_ENABLE_OBJC_WEAK = YES;
				CLANG_WARN_BLOCK_CAPTURE_AUTORELEASING = YES;
				CLANG_WARN_BOOL_CONVERSION = YES;
				CLANG_WARN_COMMA = YES;
				CLANG_WARN_CONSTANT_CONVERSION = YES;
				CLANG_WARN_DEPRECATED_OBJC_IMPLEMENTATIONS = YES;
				CLANG_WARN_DIRECT_OBJC_ISA_USAGE = YES_ERROR;
				CLANG_WARN_DOCUMENTATION_COMMENTS = YES;
				CLANG_WARN_EMPTY_BODY = YES;
				CLANG_WARN_ENUM_CONVERSION = YES;
				CLANG_WARN_INFINITE_RECURSION = YES;
				CLANG_WARN_INT_CONVERSION = YES;
				CLANG_WARN_NON_LITERAL_NULL_CONVERSION = YES;
				CLANG_WARN_OBJC_IMPLICIT_RETAIN_SELF = YES;
				CLANG_WARN_OBJC_LITERAL_CONVERSION = YES;
				CLANG_WARN_OBJC_ROOT_CLASS = YES_ERROR;
				CLANG_WARN_QUOTED_INCLUDE_IN_FRAMEWORK_HEADER = YES;
				CLANG_WARN_RANGE_LOOP_ANALYSIS = YES;
				CLANG_WARN_STRICT_PROTOTYPES = YES;
				CLANG_WARN_SUSPICIOUS_MOVE = YES;
				CLANG_WARN_UNGUARDED_AVAILABILITY = YES_AGGRESSIVE;
				CLANG_WARN_UNREACHABLE_CODE = YES;
				CLANG_WARN__DUPLICATE_METHOD_MATCH = YES;
				COPY_PHASE_STRIP = NO;
				DEBUG_INFORMATION_FORMAT = "dwarf-with-dsym";
				ENABLE_NS_ASSERTIONS = NO;
				ENABLE_STRICT_OBJC_MSGSEND = YES;
				GCC_C_LANGUAGE_STANDARD = gnu11;
				GCC_NO_COMMON_BLOCKS = YES;
				GCC_WARN_64_TO_32_BIT_CONVERSION = YES;
				GCC_WARN_ABOUT_RETURN_TYPE = YES_ERROR;
				GCC_WARN_UNDECLARED_SELECTOR = YES;
				GCC_WARN_UNINITIALIZED_AUTOS = YES_AGGRESSIVE;
				GCC_WARN_UNUSED_FUNCTION = YES;
				GCC_WARN_UNUSED_VARIABLE = YES;
				IPHONEOS_DEPLOYMENT_TARGET = 16.2;
				MTL_ENABLE_DEBUG_INFO = NO;
				MTL_FAST_MATH = YES;
				SDKROOT = iphoneos;
				SWIFT_COMPILATION_MODE = wholemodule;
				SWIFT_OPTIMIZATION_LEVEL = "-O";
				VALIDATE_PRODUCT = YES;
			};
			name = Release;
		};
		2BBD4ECF29EDB90600419E9E /* Debug */ = {
			isa = XCBuildConfiguration;
			buildSettings = {
				ASSETCATALOG_COMPILER_APPICON_NAME = AppIcon;
				ASSETCATALOG_COMPILER_GLOBAL_ACCENT_COLOR_NAME = AccentColor;
				CODE_SIGN_STYLE = Automatic;
				CURRENT_PROJECT_VERSION = 1;
				DEVELOPMENT_ASSET_PATHS = "\"AADairyOM/Preview Content\"";
				ENABLE_PREVIEWS = YES;
				GENERATE_INFOPLIST_FILE = YES;
				INFOPLIST_KEY_UIApplicationSceneManifest_Generation = YES;
				INFOPLIST_KEY_UIApplicationSupportsIndirectInputEvents = YES;
				INFOPLIST_KEY_UILaunchScreen_Generation = YES;
				INFOPLIST_KEY_UISupportedInterfaceOrientations_iPad = "UIInterfaceOrientationPortrait UIInterfaceOrientationPortraitUpsideDown UIInterfaceOrientationLandscapeLeft UIInterfaceOrientationLandscapeRight";
				INFOPLIST_KEY_UISupportedInterfaceOrientations_iPhone = "UIInterfaceOrientationPortrait UIInterfaceOrientationLandscapeLeft UIInterfaceOrientationLandscapeRight";
				IPHONEOS_DEPLOYMENT_TARGET = 15.0;
				LD_RUNPATH_SEARCH_PATHS = (
					"$(inherited)",
					"@executable_path/Frameworks",
				);
				MARKETING_VERSION = 1.0;
				PRODUCT_BUNDLE_IDENTIFIER = com.levent.AADairyOM;
				PRODUCT_NAME = "$(TARGET_NAME)";
				SWIFT_EMIT_LOC_STRINGS = YES;
				SWIFT_VERSION = 5.0;
				TARGETED_DEVICE_FAMILY = "1,2";
			};
			name = Debug;
		};
		2BBD4ED029EDB90600419E9E /* Release */ = {
			isa = XCBuildConfiguration;
			buildSettings = {
				ASSETCATALOG_COMPILER_APPICON_NAME = AppIcon;
				ASSETCATALOG_COMPILER_GLOBAL_ACCENT_COLOR_NAME = AccentColor;
				CODE_SIGN_STYLE = Automatic;
				CURRENT_PROJECT_VERSION = 1;
				DEVELOPMENT_ASSET_PATHS = "\"AADairyOM/Preview Content\"";
				ENABLE_PREVIEWS = YES;
				GENERATE_INFOPLIST_FILE = YES;
				INFOPLIST_KEY_UIApplicationSceneManifest_Generation = YES;
				INFOPLIST_KEY_UIApplicationSupportsIndirectInputEvents = YES;
				INFOPLIST_KEY_UILaunchScreen_Generation = YES;
				INFOPLIST_KEY_UISupportedInterfaceOrientations_iPad = "UIInterfaceOrientationPortrait UIInterfaceOrientationPortraitUpsideDown UIInterfaceOrientationLandscapeLeft UIInterfaceOrientationLandscapeRight";
				INFOPLIST_KEY_UISupportedInterfaceOrientations_iPhone = "UIInterfaceOrientationPortrait UIInterfaceOrientationLandscapeLeft UIInterfaceOrientationLandscapeRight";
				IPHONEOS_DEPLOYMENT_TARGET = 15.0;
				LD_RUNPATH_SEARCH_PATHS = (
					"$(inherited)",
					"@executable_path/Frameworks",
				);
				MARKETING_VERSION = 1.0;
				PRODUCT_BUNDLE_IDENTIFIER = com.levent.AADairyOM;
				PRODUCT_NAME = "$(TARGET_NAME)";
				SWIFT_EMIT_LOC_STRINGS = YES;
				SWIFT_VERSION = 5.0;
				TARGETED_DEVICE_FAMILY = "1,2";
			};
			name = Release;
		};
/* End XCBuildConfiguration section */

/* Begin XCConfigurationList section */
		2BBD4EBB29EDB90500419E9E /* Build configuration list for PBXProject "AADairyOM" */ = {
			isa = XCConfigurationList;
			buildConfigurations = (
				2BBD4ECC29EDB90600419E9E /* Debug */,
				2BBD4ECD29EDB90600419E9E /* Release */,
			);
			defaultConfigurationIsVisible = 0;
			defaultConfigurationName = Release;
		};
		2BBD4ECE29EDB90600419E9E /* Build configuration list for PBXNativeTarget "AADairyOM" */ = {
			isa = XCConfigurationList;
			buildConfigurations = (
				2BBD4ECF29EDB90600419E9E /* Debug */,
				2BBD4ED029EDB90600419E9E /* Release */,
			);
			defaultConfigurationIsVisible = 0;
			defaultConfigurationName = Release;
		};
/* End XCConfigurationList section */
	};
	rootObject = 2BBD4EB829EDB90500419E9E /* Project object */;
}
